
Microsoft Visual Studio Solution File, Format Version 12.00
# Visual Studio Version 17
VisualStudioVersion = 17.7.34003.232
MinimumVisualStudioVersion = 10.0.40219.1
Project("{9A19103F-16F7-4668-BE54-9A1E7A4F7556}") = "Mlang", "Mlang\Mlang.csproj", "{F752A311-77EF-4BD5-97A1-1BE3886AC406}"
EndProject
Project("{9A19103F-16F7-4668-BE54-9A1E7A4F7556}") = "Mlangc", "Mlangc\Mlangc.csproj", "{DA763D00-D4F3-419C-BCA6-627DC5B4C8DA}"
EndProject
Project("{9A19103F-16F7-4668-BE54-9A1E7A4F7556}") = "Mlang.Compiler", "Mlang.Compiler\Mlang.Compiler.csproj", "{FD57CAF7-DFE0-4A34-BEAA-421D559763C7}"
EndProject
Project("{9A19103F-16F7-4668-BE54-9A1E7A4F7556}") = "Mlang.MSBuild", "Mlang.MSBuild\Mlang.MSBuild.csproj", "{6A0968BD-DA92-4061-B033-899D86DE2F18}"
EndProject
Project("{9A19103F-16F7-4668-BE54-9A1E7A4F7556}") = "Mlang.MSBuild.Test", "Mlang.MSBuild.Test\Mlang.MSBuild.Test.csproj", "{197EDB39-E48C-4689-8335-159DD48A4F8C}"
EndProject
Project("{2150E333-8FDC-42A3-9474-1A3956D46DE8}") = "Common", "Common", "{3E6C006F-2248-4C70-9F5E-25C237BB6B65}"
	ProjectSection(SolutionItems) = preProject
		Package.props = Package.props
	EndProjectSection
EndProject
Global
	GlobalSection(SolutionConfigurationPlatforms) = preSolution
		Debug|Any CPU = Debug|Any CPU
		Release|Any CPU = Release|Any CPU
	EndGlobalSection
	GlobalSection(ProjectConfigurationPlatforms) = postSolution
		{F752A311-77EF-4BD5-97A1-1BE3886AC406}.Debug|Any CPU.ActiveCfg = Debug|Any CPU
		{F752A311-77EF-4BD5-97A1-1BE3886AC406}.Debug|Any CPU.Build.0 = Debug|Any CPU
		{F752A311-77EF-4BD5-97A1-1BE3886AC406}.Release|Any CPU.ActiveCfg = Release|Any CPU
		{F752A311-77EF-4BD5-97A1-1BE3886AC406}.Release|Any CPU.Build.0 = Release|Any CPU
		{DA763D00-D4F3-419C-BCA6-627DC5B4C8DA}.Debug|Any CPU.ActiveCfg = Debug|Any CPU
		{DA763D00-D4F3-419C-BCA6-627DC5B4C8DA}.Debug|Any CPU.Build.0 = Debug|Any CPU
		{DA763D00-D4F3-419C-BCA6-627DC5B4C8DA}.Release|Any CPU.ActiveCfg = Release|Any CPU
		{DA763D00-D4F3-419C-BCA6-627DC5B4C8DA}.Release|Any CPU.Build.0 = Release|Any CPU
		{FD57CAF7-DFE0-4A34-BEAA-421D559763C7}.Debug|Any CPU.ActiveCfg = Debug|Any CPU
		{FD57CAF7-DFE0-4A34-BEAA-421D559763C7}.Debug|Any CPU.Build.0 = Debug|Any CPU
		{FD57CAF7-DFE0-4A34-BEAA-421D559763C7}.Release|Any CPU.ActiveCfg = Release|Any CPU
		{FD57CAF7-DFE0-4A34-BEAA-421D559763C7}.Release|Any CPU.Build.0 = Release|Any CPU
		{6A0968BD-DA92-4061-B033-899D86DE2F18}.Debug|Any CPU.ActiveCfg = Debug|Any CPU
		{6A0968BD-DA92-4061-B033-899D86DE2F18}.Debug|Any CPU.Build.0 = Debug|Any CPU
		{6A0968BD-DA92-4061-B033-899D86DE2F18}.Release|Any CPU.ActiveCfg = Release|Any CPU
		{6A0968BD-DA92-4061-B033-899D86DE2F18}.Release|Any CPU.Build.0 = Release|Any CPU
		{197EDB39-E48C-4689-8335-159DD48A4F8C}.Debug|Any CPU.ActiveCfg = Debug|Any CPU
		{197EDB39-E48C-4689-8335-159DD48A4F8C}.Debug|Any CPU.Build.0 = Debug|Any CPU
		{197EDB39-E48C-4689-8335-159DD48A4F8C}.Release|Any CPU.ActiveCfg = Release|Any CPU
		{197EDB39-E48C-4689-8335-159DD48A4F8C}.Release|Any CPU.Build.0 = Release|Any CPU
	EndGlobalSection
	GlobalSection(SolutionProperties) = preSolution
		HideSolutionNode = FALSE
	EndGlobalSection
	GlobalSection(ExtensibilityGlobals) = postSolution
		SolutionGuid = {F0DC845F-23EC-4E26-86C2-9150B86ABF0D}
	EndGlobalSection
EndGlobal
